
Microsoft Visual Studio Solution File, Format Version 12.00
# Visual Studio Version 16
VisualStudioVersion = 16.0.31702.278
MinimumVisualStudioVersion = 10.0.40219.1
Project("{FAE04EC0-301F-11D3-BF4B-00C04F79EFBC}") = "SelectionStatementsExcercise", "SelectionStatementsExcercise\SelectionStatementsExcercise.csproj", "{2709349B-9684-4AB7-8D0F-E454D054621F}"
EndProject
Global
	GlobalSection(SolutionConfigurationPlatforms) = preSolution
		Debug|Any CPU = Debug|Any CPU
		Release|Any CPU = Release|Any CPU
	EndGlobalSection
	GlobalSection(ProjectConfigurationPlatforms) = postSolution
		{2709349B-9684-4AB7-8D0F-E454D054621F}.Debug|Any CPU.ActiveCfg = Debug|Any CPU
		{2709349B-9684-4AB7-8D0F-E454D054621F}.Debug|Any CPU.Build.0 = Debug|Any CPU
		{2709349B-9684-4AB7-8D0F-E454D054621F}.Release|Any CPU.ActiveCfg = Release|Any CPU
		{2709349B-9684-4AB7-8D0F-E454D054621F}.Release|Any CPU.Build.0 = Release|Any CPU
	EndGlobalSection
	GlobalSection(SolutionProperties) = preSolution
		HideSolutionNode = FALSE
	EndGlobalSection
	GlobalSection(ExtensibilityGlobals) = postSolution
		SolutionGuid = {182A153F-87A4-43FE-A79A-3E217C60B970}
	EndGlobalSection
EndGlobal
